
Microsoft Visual Studio Solution File, Format Version 12.00
# Visual Studio Version 17
VisualStudioVersion = 17.6.33723.286
MinimumVisualStudioVersion = 10.0.40219.1
Project("{9A19103F-16F7-4668-BE54-9A1E7A4F7556}") = "testandoBancodDo0", "testandoBancodDo0\testandoBancodDo0.csproj", "{0BBA315B-9F7F-42E9-B101-4065701272D2}"
EndProject
Global
	GlobalSection(SolutionConfigurationPlatforms) = preSolution
		Debug|Any CPU = Debug|Any CPU
		Release|Any CPU = Release|Any CPU
	EndGlobalSection
	GlobalSection(ProjectConfigurationPlatforms) = postSolution
		{0BBA315B-9F7F-42E9-B101-4065701272D2}.Debug|Any CPU.ActiveCfg = Debug|Any CPU
		{0BBA315B-9F7F-42E9-B101-4065701272D2}.Debug|Any CPU.Build.0 = Debug|Any CPU
		{0BBA315B-9F7F-42E9-B101-4065701272D2}.Release|Any CPU.ActiveCfg = Release|Any CPU
		{0BBA315B-9F7F-42E9-B101-4065701272D2}.Release|Any CPU.Build.0 = Release|Any CPU
	EndGlobalSection
	GlobalSection(SolutionProperties) = preSolution
		HideSolutionNode = FALSE
	EndGlobalSection
	GlobalSection(ExtensibilityGlobals) = postSolution
		SolutionGuid = {DBAD545F-2175-498F-BC51-E159354DF34A}
	EndGlobalSection
EndGlobal
